// !$*UTF8*$!
{
	archiveVersion = 1;
	classes = {
	};
	objectVersion = 50;
	objects = {

/* Begin PBXBuildFile section */
		703EBFFA249BE1890022A34B /* AppKit.framework in Frameworks */ = {isa = PBXBuildFile; fileRef = 703EBFF9249BE1890022A34B /* AppKit.framework */; };
		703EBFFB249BE19E0022A34B /* AudioUnit.framework in Frameworks */ = {isa = PBXBuildFile; fileRef = 70CC96342495732B00DC1223 /* AudioUnit.framework */; };
		70CC962A2495722F00DC1223 /* main.cpp in Sources */ = {isa = PBXBuildFile; fileRef = 70CC96292495722F00DC1223 /* main.cpp */; };
		70CC963A2495B06800DC1223 /* libSuperpoweredAudioOSX.a in Frameworks */ = {isa = PBXBuildFile; fileRef = 70CC96392495B06700DC1223 /* libSuperpoweredAudioOSX.a */; };
		70CC963C2495B19000DC1223 /* AVFoundation.framework in Frameworks */ = {isa = PBXBuildFile; fileRef = 70CC963B2495B19000DC1223 /* AVFoundation.framework */; };
		70CC963D2495B19A00DC1223 /* CoreAudio.framework in Frameworks */ = {isa = PBXBuildFile; fileRef = 70CC96322495726400DC1223 /* CoreAudio.framework */; };
		70CC963F2495B1A200DC1223 /* CoreMedia.framework in Frameworks */ = {isa = PBXBuildFile; fileRef = 70CC963E2495B1A200DC1223 /* CoreMedia.framework */; };
		70CC96412495B1AD00DC1223 /* AudioToolbox.framework in Frameworks */ = {isa = PBXBuildFile; fileRef = 70CC96402495B1AD00DC1223 /* AudioToolbox.framework */; };
/* End PBXBuildFile section */

/* Begin PBXCopyFilesBuildPhase section */
		70CC96242495722F00DC1223 /* CopyFiles */ = {
			isa = PBXCopyFilesBuildPhase;
			buildActionMask = 2147483647;
			dstPath = /usr/share/man/man1/;
			dstSubfolderSpec = 0;
			files = (
			);
			runOnlyForDeploymentPostprocessing = 1;
		};
/* End PBXCopyFilesBuildPhase section */

/* Begin PBXFileReference section */
		703EBFF9249BE1890022A34B /* AppKit.framework */ = {isa = PBXFileReference; lastKnownFileType = wrapper.framework; name = AppKit.framework; path = System/Library/Frameworks/AppKit.framework; sourceTree = SDKROOT; };
		70CC96262495722F00DC1223 /* test3 */ = {isa = PBXFileReference; explicitFileType = "compiled.mach-o.executable"; includeInIndex = 0; path = test3; sourceTree = BUILT_PRODUCTS_DIR; };
		70CC96292495722F00DC1223 /* main.cpp */ = {isa = PBXFileReference; lastKnownFileType = sourcecode.cpp.cpp; path = main.cpp; sourceTree = "<group>"; };
		70CC96322495726400DC1223 /* CoreAudio.framework */ = {isa = PBXFileReference; lastKnownFileType = wrapper.framework; name = CoreAudio.framework; path = System/Library/Frameworks/CoreAudio.framework; sourceTree = SDKROOT; };
		70CC96342495732B00DC1223 /* AudioUnit.framework */ = {isa = PBXFileReference; lastKnownFileType = wrapper.framework; name = AudioUnit.framework; path = System/Library/Frameworks/AudioUnit.framework; sourceTree = SDKROOT; };
		70CC96392495B06700DC1223 /* libSuperpoweredAudioOSX.a */ = {isa = PBXFileReference; lastKnownFileType = archive.ar; name = libSuperpoweredAudioOSX.a; path = ../../SuperpoweredSDK/Superpowered/libSuperpoweredAudioOSX.a; sourceTree = "<group>"; };
		70CC963B2495B19000DC1223 /* AVFoundation.framework */ = {isa = PBXFileReference; lastKnownFileType = wrapper.framework; name = AVFoundation.framework; path = System/Library/Frameworks/AVFoundation.framework; sourceTree = SDKROOT; };
		70CC963E2495B1A200DC1223 /* CoreMedia.framework */ = {isa = PBXFileReference; lastKnownFileType = wrapper.framework; name = CoreMedia.framework; path = System/Library/Frameworks/CoreMedia.framework; sourceTree = SDKROOT; };
		70CC96402495B1AD00DC1223 /* AudioToolbox.framework */ = {isa = PBXFileReference; lastKnownFileType = wrapper.framework; name = AudioToolbox.framework; path = System/Library/Frameworks/AudioToolbox.framework; sourceTree = SDKROOT; };
		70CC96422495B34E00DC1223 /* CoreFoundation.framework */ = {isa = PBXFileReference; lastKnownFileType = wrapper.framework; name = CoreFoundation.framework; path = System/Library/Frameworks/CoreFoundation.framework; sourceTree = SDKROOT; };
/* End PBXFileReference section */

/* Begin PBXFrameworksBuildPhase section */
		70CC96232495722F00DC1223 /* Frameworks */ = {
			isa = PBXFrameworksBuildPhase;
			buildActionMask = 2147483647;
			files = (
				703EBFFA249BE1890022A34B /* AppKit.framework in Frameworks */,
				70CC963C2495B19000DC1223 /* AVFoundation.framework in Frameworks */,
				70CC96412495B1AD00DC1223 /* AudioToolbox.framework in Frameworks */,
				703EBFFB249BE19E0022A34B /* AudioUnit.framework in Frameworks */,
				70CC963D2495B19A00DC1223 /* CoreAudio.framework in Frameworks */,
				70CC963F2495B1A200DC1223 /* CoreMedia.framework in Frameworks */,
				70CC963A2495B06800DC1223 /* libSuperpoweredAudioOSX.a in Frameworks */,
			);
			runOnlyForDeploymentPostprocessing = 0;
		};
/* End PBXFrameworksBuildPhase section */

/* Begin PBXGroup section */
		70CC961D2495722F00DC1223 = {
			isa = PBXGroup;
			children = (
				70CC96282495722F00DC1223 /* test3 */,
				70CC96272495722F00DC1223 /* Products */,
				70CC96302495725400DC1223 /* Frameworks */,
			);
			sourceTree = "<group>";
		};
		70CC96272495722F00DC1223 /* Products */ = {
			isa = PBXGroup;
			children = (
				70CC96262495722F00DC1223 /* test3 */,
			);
			name = Products;
			sourceTree = "<group>";
		};
		70CC96282495722F00DC1223 /* test3 */ = {
			isa = PBXGroup;
			children = (
				70CC96292495722F00DC1223 /* main.cpp */,
			);
			path = test3;
			sourceTree = "<group>";
		};
		70CC96302495725400DC1223 /* Frameworks */ = {
			isa = PBXGroup;
			children = (
				70CC96422495B34E00DC1223 /* CoreFoundation.framework */,
				703EBFF9249BE1890022A34B /* AppKit.framework */,
				70CC963B2495B19000DC1223 /* AVFoundation.framework */,
				70CC96402495B1AD00DC1223 /* AudioToolbox.framework */,
				70CC963E2495B1A200DC1223 /* CoreMedia.framework */,
				70CC96392495B06700DC1223 /* libSuperpoweredAudioOSX.a */,
				70CC96342495732B00DC1223 /* AudioUnit.framework */,
				70CC96322495726400DC1223 /* CoreAudio.framework */,
			);
			name = Frameworks;
			sourceTree = "<group>";
		};
/* End PBXGroup section */

/* Begin PBXNativeTarget section */
		70CC96252495722F00DC1223 /* test3 */ = {
			isa = PBXNativeTarget;
			buildConfigurationList = 70CC962D2495722F00DC1223 /* Build configuration list for PBXNativeTarget "test3" */;
			buildPhases = (
				70CC96222495722F00DC1223 /* Sources */,
				70CC96232495722F00DC1223 /* Frameworks */,
				70CC96242495722F00DC1223 /* CopyFiles */,
			);
			buildRules = (
			);
			dependencies = (
			);
			name = test3;
			productName = test3;
			productReference = 70CC96262495722F00DC1223 /* test3 */;
			productType = "com.apple.product-type.tool";
		};
/* End PBXNativeTarget section */

/* Begin PBXProject section */
		70CC961E2495722F00DC1223 /* Project object */ = {
			isa = PBXProject;
			attributes = {
				LastUpgradeCheck = 1140;
				ORGANIZATIONNAME = "Christian Danoy";
				TargetAttributes = {
					70CC96252495722F00DC1223 = {
						CreatedOnToolsVersion = 11.4;
					};
				};
			};
			buildConfigurationList = 70CC96212495722F00DC1223 /* Build configuration list for PBXProject "test3" */;
			compatibilityVersion = "Xcode 9.3";
			developmentRegion = en;
			hasScannedForEncodings = 0;
			knownRegions = (
				en,
				Base,
			);
			mainGroup = 70CC961D2495722F00DC1223;
			productRefGroup = 70CC96272495722F00DC1223 /* Products */;
			projectDirPath = "";
			projectRoot = "";
			targets = (
				70CC96252495722F00DC1223 /* test3 */,
			);
		};
/* End PBXProject section */

/* Begin PBXSourcesBuildPhase section */
		70CC96222495722F00DC1223 /* Sources */ = {
			isa = PBXSourcesBuildPhase;
			buildActionMask = 2147483647;
			files = (
				70CC962A2495722F00DC1223 /* main.cpp in Sources */,
			);
			runOnlyForDeploymentPostprocessing = 0;
		};
/* End PBXSourcesBuildPhase section */

/* Begin XCBuildConfiguration section */
		70CC962B2495722F00DC1223 /* Debug */ = {
			isa = XCBuildConfiguration;
			buildSettings = {
				ALWAYS_SEARCH_USER_PATHS = NO;
				CLANG_ANALYZER_NONNULL = YES;
				CLANG_ANALYZER_NUMBER_OBJECT_CONVERSION = YES_AGGRESSIVE;
				CLANG_CXX_LANGUAGE_STANDARD = "gnu++14";
				CLANG_CXX_LIBRARY = "libc++";
				CLANG_ENABLE_MODULES = YES;
				CLANG_ENABLE_OBJC_ARC = YES;
				CLANG_ENABLE_OBJC_WEAK = YES;
				CLANG_WARN_BLOCK_CAPTURE_AUTORELEASING = YES;
				CLANG_WARN_BOOL_CONVERSION = YES;
				CLANG_WARN_COMMA = YES;
				CLANG_WARN_CONSTANT_CONVERSION = YES;
				CLANG_WARN_DEPRECATED_OBJC_IMPLEMENTATIONS = YES;
				CLANG_WARN_DIRECT_OBJC_ISA_USAGE = YES_ERROR;
				CLANG_WARN_DOCUMENTATION_COMMENTS = YES;
				CLANG_WARN_EMPTY_BODY = YES;
				CLANG_WARN_ENUM_CONVERSION = YES;
				CLANG_WARN_INFINITE_RECURSION = YES;
				CLANG_WARN_INT_CONVERSION = YES;
				CLANG_WARN_NON_LITERAL_NULL_CONVERSION = YES;
				CLANG_WARN_OBJC_IMPLICIT_RETAIN_SELF = YES;
				CLANG_WARN_OBJC_LITERAL_CONVERSION = YES;
				CLANG_WARN_OBJC_ROOT_CLASS = YES_ERROR;
				CLANG_WARN_RANGE_LOOP_ANALYSIS = YES;
				CLANG_WARN_STRICT_PROTOTYPES = YES;
				CLANG_WARN_SUSPICIOUS_MOVE = YES;
				CLANG_WARN_UNGUARDED_AVAILABILITY = YES_AGGRESSIVE;
				CLANG_WARN_UNREACHABLE_CODE = YES;
				CLANG_WARN__DUPLICATE_METHOD_MATCH = YES;
				COPY_PHASE_STRIP = NO;
				DEBUG_INFORMATION_FORMAT = dwarf;
				ENABLE_STRICT_OBJC_MSGSEND = YES;
				ENABLE_TESTABILITY = YES;
				GCC_C_LANGUAGE_STANDARD = gnu11;
				GCC_DYNAMIC_NO_PIC = NO;
				GCC_NO_COMMON_BLOCKS = YES;
				GCC_OPTIMIZATION_LEVEL = 0;
				GCC_PREPROCESSOR_DEFINITIONS = (
					"DEBUG=1",
					"$(inherited)",
				);
				GCC_WARN_64_TO_32_BIT_CONVERSION = YES;
				GCC_WARN_ABOUT_RETURN_TYPE = YES_ERROR;
				GCC_WARN_UNDECLARED_SELECTOR = YES;
				GCC_WARN_UNINITIALIZED_AUTOS = YES_AGGRESSIVE;
				GCC_WARN_UNUSED_FUNCTION = YES;
				GCC_WARN_UNUSED_VARIABLE = YES;
				"HEADER_SEARCH_PATHS[arch=*]" = "/Users/chriskringle/desktop/superpoweredsdk/**";
				MACOSX_DEPLOYMENT_TARGET = 10.15;
				MTL_ENABLE_DEBUG_INFO = INCLUDE_SOURCE;
				MTL_FAST_MATH = YES;
				ONLY_ACTIVE_ARCH = YES;
				SCAN_ALL_SOURCE_FILES_FOR_INCLUDES = YES;
				SDKROOT = macosx;
			};
			name = Debug;
		};
		70CC962C2495722F00DC1223 /* Release */ = {
			isa = XCBuildConfiguration;
			buildSettings = {
				ALWAYS_SEARCH_USER_PATHS = NO;
				CLANG_ANALYZER_NONNULL = YES;
				CLANG_ANALYZER_NUMBER_OBJECT_CONVERSION = YES_AGGRESSIVE;
				CLANG_CXX_LANGUAGE_STANDARD = "gnu++14";
				CLANG_CXX_LIBRARY = "libc++";
				CLANG_ENABLE_MODULES = YES;
				CLANG_ENABLE_OBJC_ARC = YES;
				CLANG_ENABLE_OBJC_WEAK = YES;
				CLANG_WARN_BLOCK_CAPTURE_AUTORELEASING = YES;
				CLANG_WARN_BOOL_CONVERSION = YES;
				CLANG_WARN_COMMA = YES;
				CLANG_WARN_CONSTANT_CONVERSION = YES;
				CLANG_WARN_DEPRECATED_OBJC_IMPLEMENTATIONS = YES;
				CLANG_WARN_DIRECT_OBJC_ISA_USAGE = YES_ERROR;
				CLANG_WARN_DOCUMENTATION_COMMENTS = YES;
				CLANG_WARN_EMPTY_BODY = YES;
				CLANG_WARN_ENUM_CONVERSION = YES;
				CLANG_WARN_INFINITE_RECURSION = YES;
				CLANG_WARN_INT_CONVERSION = YES;
				CLANG_WARN_NON_LITERAL_NULL_CONVERSION = YES;
				CLANG_WARN_OBJC_IMPLICIT_RETAIN_SELF = YES;
				CLANG_WARN_OBJC_LITERAL_CONVERSION = YES;
				CLANG_WARN_OBJC_ROOT_CLASS = YES_ERROR;
				CLANG_WARN_RANGE_LOOP_ANALYSIS = YES;
				CLANG_WARN_STRICT_PROTOTYPES = YES;
				CLANG_WARN_SUSPICIOUS_MOVE = YES;
				CLANG_WARN_UNGUARDED_AVAILABILITY = YES_AGGRESSIVE;
				CLANG_WARN_UNREACHABLE_CODE = YES;
				CLANG_WARN__DUPLICATE_METHOD_MATCH = YES;
				COPY_PHASE_STRIP = NO;
				DEBUG_INFORMATION_FORMAT = "dwarf-with-dsym";
				ENABLE_NS_ASSERTIONS = NO;
				ENABLE_STRICT_OBJC_MSGSEND = YES;
				GCC_C_LANGUAGE_STANDARD = gnu11;
				GCC_NO_COMMON_BLOCKS = YES;
				GCC_WARN_64_TO_32_BIT_CONVERSION = YES;
				GCC_WARN_ABOUT_RETURN_TYPE = YES_ERROR;
				GCC_WARN_UNDECLARED_SELECTOR = YES;
				GCC_WARN_UNINITIALIZED_AUTOS = YES_AGGRESSIVE;
				GCC_WARN_UNUSED_FUNCTION = YES;
				GCC_WARN_UNUSED_VARIABLE = YES;
				"HEADER_SEARCH_PATHS[arch=*]" = "/Users/chriskringle/desktop/superpoweredsdk/**";
				MACOSX_DEPLOYMENT_TARGET = 10.15;
				MTL_ENABLE_DEBUG_INFO = NO;
				MTL_FAST_MATH = YES;
				SCAN_ALL_SOURCE_FILES_FOR_INCLUDES = YES;
				SDKROOT = macosx;
			};
			name = Release;
		};
		70CC962E2495722F00DC1223 /* Debug */ = {
			isa = XCBuildConfiguration;
			buildSettings = {
				ALWAYS_SEARCH_USER_PATHS = YES;
				CODE_SIGN_STYLE = Automatic;
				"HEADER_SEARCH_PATHS[arch=*]" = "/Users/chriskringle/desktop/superpoweredsdk/**";
				"LIBRARY_SEARCH_PATHS[arch=*]" = "/Users/chriskringle/desktop/superpoweredsdk/**";
				PRODUCT_NAME = "$(TARGET_NAME)";
			};
			name = Debug;
		};
		70CC962F2495722F00DC1223 /* Release */ = {
			isa = XCBuildConfiguration;
			buildSettings = {
				ALWAYS_SEARCH_USER_PATHS = YES;
				CODE_SIGN_STYLE = Automatic;
				"HEADER_SEARCH_PATHS[arch=*]" = "/Users/chriskringle/desktop/superpoweredsdk/**";
				"LIBRARY_SEARCH_PATHS[arch=*]" = "/Users/chriskringle/desktop/superpoweredsdk/**";
				PRODUCT_NAME = "$(TARGET_NAME)";
			};
			name = Release;
		};
/* End XCBuildConfiguration section */

/* Begin XCConfigurationList section */
		70CC96212495722F00DC1223 /* Build configuration list for PBXProject "test3" */ = {
			isa = XCConfigurationList;
			buildConfigurations = (
				70CC962B2495722F00DC1223 /* Debug */,
				70CC962C2495722F00DC1223 /* Release */,
			);
			defaultConfigurationIsVisible = 0;
			defaultConfigurationName = Release;
		};
		70CC962D2495722F00DC1223 /* Build configuration list for PBXNativeTarget "test3" */ = {
			isa = XCConfigurationList;
			buildConfigurations = (
				70CC962E2495722F00DC1223 /* Debug */,
				70CC962F2495722F00DC1223 /* Release */,
			);
			defaultConfigurationIsVisible = 0;
			defaultConfigurationName = Release;
		};
/* End XCConfigurationList section */
	};
	rootObject = 70CC961E2495722F00DC1223 /* Project object */;
}
